// !$*UTF8*$!
{
	archiveVersion = 1;
	classes = {
	};
	objectVersion = 50;
	objects = {

/* Begin PBXBuildFile section */
		8EAD372321518862002DE051 /* AppDelegate.swift in Sources */ = {isa = PBXBuildFile; fileRef = 8EAD372221518862002DE051 /* AppDelegate.swift */; };
		8EAD372521518862002DE051 /* CameraVC.swift in Sources */ = {isa = PBXBuildFile; fileRef = 8EAD372421518862002DE051 /* CameraVC.swift */; };
		8EAD372821518862002DE051 /* Main.storyboard in Resources */ = {isa = PBXBuildFile; fileRef = 8EAD372621518862002DE051 /* Main.storyboard */; };
		8EAD372B21518862002DE051 /* Scan.xcdatamodeld in Sources */ = {isa = PBXBuildFile; fileRef = 8EAD372921518862002DE051 /* Scan.xcdatamodeld */; };
		8EAD372D21518863002DE051 /* Assets.xcassets in Resources */ = {isa = PBXBuildFile; fileRef = 8EAD372C21518863002DE051 /* Assets.xcassets */; };
		8EAD373021518863002DE051 /* LaunchScreen.storyboard in Resources */ = {isa = PBXBuildFile; fileRef = 8EAD372E21518863002DE051 /* LaunchScreen.storyboard */; };
		8EAD373B21518863002DE051 /* ScanTests.swift in Sources */ = {isa = PBXBuildFile; fileRef = 8EAD373A21518863002DE051 /* ScanTests.swift */; };
		8EAD374621518863002DE051 /* ScanUITests.swift in Sources */ = {isa = PBXBuildFile; fileRef = 8EAD374521518863002DE051 /* ScanUITests.swift */; };
		8EAD375421518B4A002DE051 /* ListVC.swift in Sources */ = {isa = PBXBuildFile; fileRef = 8EAD375321518B4A002DE051 /* ListVC.swift */; };
		8EAD375A21519E54002DE051 /* FavoritesVC.swift in Sources */ = {isa = PBXBuildFile; fileRef = 8EAD375921519E54002DE051 /* FavoritesVC.swift */; };
		8EAD375C21519EA7002DE051 /* GoogleService-Info.plist in Resources */ = {isa = PBXBuildFile; fileRef = 8EAD375B21519EA7002DE051 /* GoogleService-Info.plist */; };
/* End PBXBuildFile section */

/* Begin PBXContainerItemProxy section */
		8EAD373721518863002DE051 /* PBXContainerItemProxy */ = {
			isa = PBXContainerItemProxy;
			containerPortal = 8EAD371721518862002DE051 /* Project object */;
			proxyType = 1;
			remoteGlobalIDString = 8EAD371E21518862002DE051;
			remoteInfo = Scan;
		};
		8EAD374221518863002DE051 /* PBXContainerItemProxy */ = {
			isa = PBXContainerItemProxy;
			containerPortal = 8EAD371721518862002DE051 /* Project object */;
			proxyType = 1;
			remoteGlobalIDString = 8EAD371E21518862002DE051;
			remoteInfo = Scan;
		};
/* End PBXContainerItemProxy section */

/* Begin PBXFileReference section */
		8EAD371F21518862002DE051 /* Scan.app */ = {isa = PBXFileReference; explicitFileType = wrapper.application; includeInIndex = 0; path = Scan.app; sourceTree = BUILT_PRODUCTS_DIR; };
		8EAD372221518862002DE051 /* AppDelegate.swift */ = {isa = PBXFileReference; lastKnownFileType = sourcecode.swift; path = AppDelegate.swift; sourceTree = "<group>"; };
		8EAD372421518862002DE051 /* CameraVC.swift */ = {isa = PBXFileReference; lastKnownFileType = sourcecode.swift; path = CameraVC.swift; sourceTree = "<group>"; };
		8EAD372721518862002DE051 /* Base */ = {isa = PBXFileReference; lastKnownFileType = file.storyboard; name = Base; path = Base.lproj/Main.storyboard; sourceTree = "<group>"; };
		8EAD372A21518862002DE051 /* Scan.xcdatamodel */ = {isa = PBXFileReference; lastKnownFileType = wrapper.xcdatamodel; path = Scan.xcdatamodel; sourceTree = "<group>"; };
		8EAD372C21518863002DE051 /* Assets.xcassets */ = {isa = PBXFileReference; lastKnownFileType = folder.assetcatalog; path = Assets.xcassets; sourceTree = "<group>"; };
		8EAD372F21518863002DE051 /* Base */ = {isa = PBXFileReference; lastKnownFileType = file.storyboard; name = Base; path = Base.lproj/LaunchScreen.storyboard; sourceTree = "<group>"; };
		8EAD373121518863002DE051 /* Info.plist */ = {isa = PBXFileReference; lastKnownFileType = text.plist.xml; path = Info.plist; sourceTree = "<group>"; };
		8EAD373621518863002DE051 /* ScanTests.xctest */ = {isa = PBXFileReference; explicitFileType = wrapper.cfbundle; includeInIndex = 0; path = ScanTests.xctest; sourceTree = BUILT_PRODUCTS_DIR; };
		8EAD373A21518863002DE051 /* ScanTests.swift */ = {isa = PBXFileReference; lastKnownFileType = sourcecode.swift; path = ScanTests.swift; sourceTree = "<group>"; };
		8EAD373C21518863002DE051 /* Info.plist */ = {isa = PBXFileReference; lastKnownFileType = text.plist.xml; path = Info.plist; sourceTree = "<group>"; };
		8EAD374121518863002DE051 /* ScanUITests.xctest */ = {isa = PBXFileReference; explicitFileType = wrapper.cfbundle; includeInIndex = 0; path = ScanUITests.xctest; sourceTree = BUILT_PRODUCTS_DIR; };
		8EAD374521518863002DE051 /* ScanUITests.swift */ = {isa = PBXFileReference; lastKnownFileType = sourcecode.swift; path = ScanUITests.swift; sourceTree = "<group>"; };
		8EAD374721518863002DE051 /* Info.plist */ = {isa = PBXFileReference; lastKnownFileType = text.plist.xml; path = Info.plist; sourceTree = "<group>"; };
		8EAD375321518B4A002DE051 /* ListVC.swift */ = {isa = PBXFileReference; lastKnownFileType = sourcecode.swift; path = ListVC.swift; sourceTree = "<group>"; };
		8EAD375921519E54002DE051 /* FavoritesVC.swift */ = {isa = PBXFileReference; lastKnownFileType = sourcecode.swift; path = FavoritesVC.swift; sourceTree = "<group>"; };
		8EAD375B21519EA7002DE051 /* GoogleService-Info.plist */ = {isa = PBXFileReference; fileEncoding = 4; lastKnownFileType = text.plist.xml; path = "GoogleService-Info.plist"; sourceTree = "<group>"; };
/* End PBXFileReference section */

/* Begin PBXFrameworksBuildPhase section */
		8EAD371C21518862002DE051 /* Frameworks */ = {
			isa = PBXFrameworksBuildPhase;
			buildActionMask = 2147483647;
			files = (
			);
			runOnlyForDeploymentPostprocessing = 0;
		};
		8EAD373321518863002DE051 /* Frameworks */ = {
			isa = PBXFrameworksBuildPhase;
			buildActionMask = 2147483647;
			files = (
			);
			runOnlyForDeploymentPostprocessing = 0;
		};
		8EAD373E21518863002DE051 /* Frameworks */ = {
			isa = PBXFrameworksBuildPhase;
			buildActionMask = 2147483647;
			files = (
			);
			runOnlyForDeploymentPostprocessing = 0;
		};
/* End PBXFrameworksBuildPhase section */

/* Begin PBXGroup section */
		8EAD371621518862002DE051 = {
			isa = PBXGroup;
			children = (
				8EAD372121518862002DE051 /* Scan */,
				8EAD373921518863002DE051 /* ScanTests */,
				8EAD374421518863002DE051 /* ScanUITests */,
				8EAD372021518862002DE051 /* Products */,
			);
			sourceTree = "<group>";
		};
		8EAD372021518862002DE051 /* Products */ = {
			isa = PBXGroup;
			children = (
				8EAD371F21518862002DE051 /* Scan.app */,
				8EAD373621518863002DE051 /* ScanTests.xctest */,
				8EAD374121518863002DE051 /* ScanUITests.xctest */,
			);
			name = Products;
			sourceTree = "<group>";
		};
		8EAD372121518862002DE051 /* Scan */ = {
			isa = PBXGroup;
			children = (
				8EAD372221518862002DE051 /* AppDelegate.swift */,
				8EAD372421518862002DE051 /* CameraVC.swift */,
				8EAD375921519E54002DE051 /* FavoritesVC.swift */,
				8EAD372621518862002DE051 /* Main.storyboard */,
				8EAD375321518B4A002DE051 /* ListVC.swift */,
				8EAD372C21518863002DE051 /* Assets.xcassets */,
				8EAD372E21518863002DE051 /* LaunchScreen.storyboard */,
				8EAD375B21519EA7002DE051 /* GoogleService-Info.plist */,
				8EAD373121518863002DE051 /* Info.plist */,
				8EAD372921518862002DE051 /* Scan.xcdatamodeld */,
			);
			path = Scan;
			sourceTree = "<group>";
		};
		8EAD373921518863002DE051 /* ScanTests */ = {
			isa = PBXGroup;
			children = (
				8EAD373A21518863002DE051 /* ScanTests.swift */,
				8EAD373C21518863002DE051 /* Info.plist */,
			);
			path = ScanTests;
			sourceTree = "<group>";
		};
		8EAD374421518863002DE051 /* ScanUITests */ = {
			isa = PBXGroup;
			children = (
				8EAD374521518863002DE051 /* ScanUITests.swift */,
				8EAD374721518863002DE051 /* Info.plist */,
			);
			path = ScanUITests;
			sourceTree = "<group>";
		};
/* End PBXGroup section */

/* Begin PBXNativeTarget section */
		8EAD371E21518862002DE051 /* Scan */ = {
			isa = PBXNativeTarget;
			buildConfigurationList = 8EAD374A21518863002DE051 /* Build configuration list for PBXNativeTarget "Scan" */;
			buildPhases = (
				8EAD371B21518862002DE051 /* Sources */,
				8EAD371C21518862002DE051 /* Frameworks */,
				8EAD371D21518862002DE051 /* Resources */,
			);
			buildRules = (
			);
			dependencies = (
			);
			name = Scan;
			productName = Scan;
			productReference = 8EAD371F21518862002DE051 /* Scan.app */;
			productType = "com.apple.product-type.application";
		};
		8EAD373521518863002DE051 /* ScanTests */ = {
			isa = PBXNativeTarget;
			buildConfigurationList = 8EAD374D21518863002DE051 /* Build configuration list for PBXNativeTarget "ScanTests" */;
			buildPhases = (
				8EAD373221518863002DE051 /* Sources */,
				8EAD373321518863002DE051 /* Frameworks */,
				8EAD373421518863002DE051 /* Resources */,
			);
			buildRules = (
			);
			dependencies = (
				8EAD373821518863002DE051 /* PBXTargetDependency */,
			);
			name = ScanTests;
			productName = ScanTests;
			productReference = 8EAD373621518863002DE051 /* ScanTests.xctest */;
			productType = "com.apple.product-type.bundle.unit-test";
		};
		8EAD374021518863002DE051 /* ScanUITests */ = {
			isa = PBXNativeTarget;
			buildConfigurationList = 8EAD375021518863002DE051 /* Build configuration list for PBXNativeTarget "ScanUITests" */;
			buildPhases = (
				8EAD373D21518863002DE051 /* Sources */,
				8EAD373E21518863002DE051 /* Frameworks */,
				8EAD373F21518863002DE051 /* Resources */,
			);
			buildRules = (
			);
			dependencies = (
				8EAD374321518863002DE051 /* PBXTargetDependency */,
			);
			name = ScanUITests;
			productName = ScanUITests;
			productReference = 8EAD374121518863002DE051 /* ScanUITests.xctest */;
			productType = "com.apple.product-type.bundle.ui-testing";
		};
/* End PBXNativeTarget section */

/* Begin PBXProject section */
		8EAD371721518862002DE051 /* Project object */ = {
			isa = PBXProject;
			attributes = {
				LastSwiftUpdateCheck = 0940;
				LastUpgradeCheck = 0940;
				ORGANIZATIONNAME = "Neil Sood";
				TargetAttributes = {
					8EAD371E21518862002DE051 = {
						CreatedOnToolsVersion = 9.4.1;
					};
					8EAD373521518863002DE051 = {
						CreatedOnToolsVersion = 9.4.1;
						TestTargetID = 8EAD371E21518862002DE051;
					};
					8EAD374021518863002DE051 = {
						CreatedOnToolsVersion = 9.4.1;
						TestTargetID = 8EAD371E21518862002DE051;
					};
				};
			};
			buildConfigurationList = 8EAD371A21518862002DE051 /* Build configuration list for PBXProject "Scan" */;
			compatibilityVersion = "Xcode 9.3";
			developmentRegion = en;
			hasScannedForEncodings = 0;
			knownRegions = (
				en,
				Base,
			);
			mainGroup = 8EAD371621518862002DE051;
			productRefGroup = 8EAD372021518862002DE051 /* Products */;
			projectDirPath = "";
			projectRoot = "";
			targets = (
				8EAD371E21518862002DE051 /* Scan */,
				8EAD373521518863002DE051 /* ScanTests */,
				8EAD374021518863002DE051 /* ScanUITests */,
			);
		};
/* End PBXProject section */

/* Begin PBXResourcesBuildPhase section */
		8EAD371D21518862002DE051 /* Resources */ = {
			isa = PBXResourcesBuildPhase;
			buildActionMask = 2147483647;
			files = (
				8EAD373021518863002DE051 /* LaunchScreen.storyboard in Resources */,
				8EAD375C21519EA7002DE051 /* GoogleService-Info.plist in Resources */,
				8EAD372D21518863002DE051 /* Assets.xcassets in Resources */,
				8EAD372821518862002DE051 /* Main.storyboard in Resources */,
			);
			runOnlyForDeploymentPostprocessing = 0;
		};
		8EAD373421518863002DE051 /* Resources */ = {
			isa = PBXResourcesBuildPhase;
			buildActionMask = 2147483647;
			files = (
			);
			runOnlyForDeploymentPostprocessing = 0;
		};
		8EAD373F21518863002DE051 /* Resources */ = {
			isa = PBXResourcesBuildPhase;
			buildActionMask = 2147483647;
			files = (
			);
			runOnlyForDeploymentPostprocessing = 0;
		};
/* End PBXResourcesBuildPhase section */

/* Begin PBXSourcesBuildPhase section */
		8EAD371B21518862002DE051 /* Sources */ = {
			isa = PBXSourcesBuildPhase;
			buildActionMask = 2147483647;
			files = (
				8EAD375A21519E54002DE051 /* FavoritesVC.swift in Sources */,
				8EAD375421518B4A002DE051 /* ListVC.swift in Sources */,
				8EAD372521518862002DE051 /* CameraVC.swift in Sources */,
				8EAD372321518862002DE051 /* AppDelegate.swift in Sources */,
				8EAD372B21518862002DE051 /* Scan.xcdatamodeld in Sources */,
			);
			runOnlyForDeploymentPostprocessing = 0;
		};
		8EAD373221518863002DE051 /* Sources */ = {
			isa = PBXSourcesBuildPhase;
			buildActionMask = 2147483647;
			files = (
				8EAD373B21518863002DE051 /* ScanTests.swift in Sources */,
			);
			runOnlyForDeploymentPostprocessing = 0;
		};
		8EAD373D21518863002DE051 /* Sources */ = {
			isa = PBXSourcesBuildPhase;
			buildActionMask = 2147483647;
			files = (
				8EAD374621518863002DE051 /* ScanUITests.swift in Sources */,
			);
			runOnlyForDeploymentPostprocessing = 0;
		};
/* End PBXSourcesBuildPhase section */

/* Begin PBXTargetDependency section */
		8EAD373821518863002DE051 /* PBXTargetDependency */ = {
			isa = PBXTargetDependency;
			target = 8EAD371E21518862002DE051 /* Scan */;
			targetProxy = 8EAD373721518863002DE051 /* PBXContainerItemProxy */;
		};
		8EAD374321518863002DE051 /* PBXTargetDependency */ = {
			isa = PBXTargetDependency;
			target = 8EAD371E21518862002DE051 /* Scan */;
			targetProxy = 8EAD374221518863002DE051 /* PBXContainerItemProxy */;
		};
/* End PBXTargetDependency section */

/* Begin PBXVariantGroup section */
		8EAD372621518862002DE051 /* Main.storyboard */ = {
			isa = PBXVariantGroup;
			children = (
				8EAD372721518862002DE051 /* Base */,
			);
			name = Main.storyboard;
			sourceTree = "<group>";
		};
		8EAD372E21518863002DE051 /* LaunchScreen.storyboard */ = {
			isa = PBXVariantGroup;
			children = (
				8EAD372F21518863002DE051 /* Base */,
			);
			name = LaunchScreen.storyboard;
			sourceTree = "<group>";
		};
/* End PBXVariantGroup section */

/* Begin XCBuildConfiguration section */
		8EAD374821518863002DE051 /* Debug */ = {
			isa = XCBuildConfiguration;
			buildSettings = {
				ALWAYS_SEARCH_USER_PATHS = NO;
				CLANG_ANALYZER_NONNULL = YES;
				CLANG_ANALYZER_NUMBER_OBJECT_CONVERSION = YES_AGGRESSIVE;
				CLANG_CXX_LANGUAGE_STANDARD = "gnu++14";
				CLANG_CXX_LIBRARY = "libc++";
				CLANG_ENABLE_MODULES = YES;
				CLANG_ENABLE_OBJC_ARC = YES;
				CLANG_ENABLE_OBJC_WEAK = YES;
				CLANG_WARN_BLOCK_CAPTURE_AUTORELEASING = YES;
				CLANG_WARN_BOOL_CONVERSION = YES;
				CLANG_WARN_COMMA = YES;
				CLANG_WARN_CONSTANT_CONVERSION = YES;
				CLANG_WARN_DEPRECATED_OBJC_IMPLEMENTATIONS = YES;
				CLANG_WARN_DIRECT_OBJC_ISA_USAGE = YES_ERROR;
				CLANG_WARN_DOCUMENTATION_COMMENTS = YES;
				CLANG_WARN_EMPTY_BODY = YES;
				CLANG_WARN_ENUM_CONVERSION = YES;
				CLANG_WARN_INFINITE_RECURSION = YES;
				CLANG_WARN_INT_CONVERSION = YES;
				CLANG_WARN_NON_LITERAL_NULL_CONVERSION = YES;
				CLANG_WARN_OBJC_IMPLICIT_RETAIN_SELF = YES;
				CLANG_WARN_OBJC_LITERAL_CONVERSION = YES;
				CLANG_WARN_OBJC_ROOT_CLASS = YES_ERROR;
				CLANG_WARN_RANGE_LOOP_ANALYSIS = YES;
				CLANG_WARN_STRICT_PROTOTYPES = YES;
				CLANG_WARN_SUSPICIOUS_MOVE = YES;
				CLANG_WARN_UNGUARDED_AVAILABILITY = YES_AGGRESSIVE;
				CLANG_WARN_UNREACHABLE_CODE = YES;
				CLANG_WARN__DUPLICATE_METHOD_MATCH = YES;
				CODE_SIGN_IDENTITY = "iPhone Developer";
				COPY_PHASE_STRIP = NO;
				DEBUG_INFORMATION_FORMAT = dwarf;
				ENABLE_STRICT_OBJC_MSGSEND = YES;
				ENABLE_TESTABILITY = YES;
				GCC_C_LANGUAGE_STANDARD = gnu11;
				GCC_DYNAMIC_NO_PIC = NO;
				GCC_NO_COMMON_BLOCKS = YES;
				GCC_OPTIMIZATION_LEVEL = 0;
				GCC_PREPROCESSOR_DEFINITIONS = (
					"DEBUG=1",
					"$(inherited)",
				);
				GCC_WARN_64_TO_32_BIT_CONVERSION = YES;
				GCC_WARN_ABOUT_RETURN_TYPE = YES_ERROR;
				GCC_WARN_UNDECLARED_SELECTOR = YES;
				GCC_WARN_UNINITIALIZED_AUTOS = YES_AGGRESSIVE;
				GCC_WARN_UNUSED_FUNCTION = YES;
				GCC_WARN_UNUSED_VARIABLE = YES;
				IPHONEOS_DEPLOYMENT_TARGET = 11.4;
				MTL_ENABLE_DEBUG_INFO = YES;
				ONLY_ACTIVE_ARCH = YES;
				SDKROOT = iphoneos;
				SWIFT_ACTIVE_COMPILATION_CONDITIONS = DEBUG;
				SWIFT_OPTIMIZATION_LEVEL = "-Onone";
			};
			name = Debug;
		};
		8EAD374921518863002DE051 /* Release */ = {
			isa = XCBuildConfiguration;
			buildSettings = {
				ALWAYS_SEARCH_USER_PATHS = NO;
				CLANG_ANALYZER_NONNULL = YES;
				CLANG_ANALYZER_NUMBER_OBJECT_CONVERSION = YES_AGGRESSIVE;
				CLANG_CXX_LANGUAGE_STANDARD = "gnu++14";
				CLANG_CXX_LIBRARY = "libc++";
				CLANG_ENABLE_MODULES = YES;
				CLANG_ENABLE_OBJC_ARC = YES;
				CLANG_ENABLE_OBJC_WEAK = YES;
				CLANG_WARN_BLOCK_CAPTURE_AUTORELEASING = YES;
				CLANG_WARN_BOOL_CONVERSION = YES;
				CLANG_WARN_COMMA = YES;
				CLANG_WARN_CONSTANT_CONVERSION = YES;
				CLANG_WARN_DEPRECATED_OBJC_IMPLEMENTATIONS = YES;
				CLANG_WARN_DIRECT_OBJC_ISA_USAGE = YES_ERROR;
				CLANG_WARN_DOCUMENTATION_COMMENTS = YES;
				CLANG_WARN_EMPTY_BODY = YES;
				CLANG_WARN_ENUM_CONVERSION = YES;
				CLANG_WARN_INFINITE_RECURSION = YES;
				CLANG_WARN_INT_CONVERSION = YES;
				CLANG_WARN_NON_LITERAL_NULL_CONVERSION = YES;
				CLANG_WARN_OBJC_IMPLICIT_RETAIN_SELF = YES;
				CLANG_WARN_OBJC_LITERAL_CONVERSION = YES;
				CLANG_WARN_OBJC_ROOT_CLASS = YES_ERROR;
				CLANG_WARN_RANGE_LOOP_ANALYSIS = YES;
				CLANG_WARN_STRICT_PROTOTYPES = YES;
				CLANG_WARN_SUSPICIOUS_MOVE = YES;
				CLANG_WARN_UNGUARDED_AVAILABILITY = YES_AGGRESSIVE;
				CLANG_WARN_UNREACHABLE_CODE = YES;
				CLANG_WARN__DUPLICATE_METHOD_MATCH = YES;
				CODE_SIGN_IDENTITY = "iPhone Developer";
				COPY_PHASE_STRIP = NO;
				DEBUG_INFORMATION_FORMAT = "dwarf-with-dsym";
				ENABLE_NS_ASSERTIONS = NO;
				ENABLE_STRICT_OBJC_MSGSEND = YES;
				GCC_C_LANGUAGE_STANDARD = gnu11;
				GCC_NO_COMMON_BLOCKS = YES;
				GCC_WARN_64_TO_32_BIT_CONVERSION = YES;
				GCC_WARN_ABOUT_RETURN_TYPE = YES_ERROR;
				GCC_WARN_UNDECLARED_SELECTOR = YES;
				GCC_WARN_UNINITIALIZED_AUTOS = YES_AGGRESSIVE;
				GCC_WARN_UNUSED_FUNCTION = YES;
				GCC_WARN_UNUSED_VARIABLE = YES;
				IPHONEOS_DEPLOYMENT_TARGET = 11.4;
				MTL_ENABLE_DEBUG_INFO = NO;
				SDKROOT = iphoneos;
				SWIFT_COMPILATION_MODE = wholemodule;
				SWIFT_OPTIMIZATION_LEVEL = "-O";
				VALIDATE_PRODUCT = YES;
			};
			name = Release;
		};
		8EAD374B21518863002DE051 /* Debug */ = {
			isa = XCBuildConfiguration;
			buildSettings = {
				ASSETCATALOG_COMPILER_APPICON_NAME = AppIcon;
				CODE_SIGN_STYLE = Automatic;
				DEVELOPMENT_TEAM = 2K52R4S4JZ;
				INFOPLIST_FILE = Scan/Info.plist;
				LD_RUNPATH_SEARCH_PATHS = (
					"$(inherited)",
					"@executable_path/Frameworks",
				);
				PRODUCT_BUNDLE_IDENTIFIER = com.neilsood.Scan;
				PRODUCT_NAME = "$(TARGET_NAME)";
				SWIFT_VERSION = 4.0;
				TARGETED_DEVICE_FAMILY = "1,2";
			};
			name = Debug;
		};
		8EAD374C21518863002DE051 /* Release */ = {
			isa = XCBuildConfiguration;
			buildSettings = {
				ASSETCATALOG_COMPILER_APPICON_NAME = AppIcon;
				CODE_SIGN_STYLE = Automatic;
				DEVELOPMENT_TEAM = 2K52R4S4JZ;
				INFOPLIST_FILE = Scan/Info.plist;
				LD_RUNPATH_SEARCH_PATHS = (
					"$(inherited)",
					"@executable_path/Frameworks",
				);
				PRODUCT_BUNDLE_IDENTIFIER = com.neilsood.Scan;
				PRODUCT_NAME = "$(TARGET_NAME)";
				SWIFT_VERSION = 4.0;
				TARGETED_DEVICE_FAMILY = "1,2";
			};
			name = Release;
		};
		8EAD374E21518863002DE051 /* Debug */ = {
			isa = XCBuildConfiguration;
			buildSettings = {
				ALWAYS_EMBED_SWIFT_STANDARD_LIBRARIES = YES;
				BUNDLE_LOADER = "$(TEST_HOST)";
				CODE_SIGN_STYLE = Automatic;
				DEVELOPMENT_TEAM = 2K52R4S4JZ;
				INFOPLIST_FILE = ScanTests/Info.plist;
				LD_RUNPATH_SEARCH_PATHS = (
					"$(inherited)",
					"@executable_path/Frameworks",
					"@loader_path/Frameworks",
				);
				PRODUCT_BUNDLE_IDENTIFIER = com.neilsood.ScanTests;
				PRODUCT_NAME = "$(TARGET_NAME)";
				SWIFT_VERSION = 4.0;
				TARGETED_DEVICE_FAMILY = "1,2";
				TEST_HOST = "$(BUILT_PRODUCTS_DIR)/Scan.app/Scan";
			};
			name = Debug;
		};
		8EAD374F21518863002DE051 /* Release */ = {
			isa = XCBuildConfiguration;
			buildSettings = {
				ALWAYS_EMBED_SWIFT_STANDARD_LIBRARIES = YES;
				BUNDLE_LOADER = "$(TEST_HOST)";
				CODE_SIGN_STYLE = Automatic;
				DEVELOPMENT_TEAM = 2K52R4S4JZ;
				INFOPLIST_FILE = ScanTests/Info.plist;
				LD_RUNPATH_SEARCH_PATHS = (
					"$(inherited)",
					"@executable_path/Frameworks",
					"@loader_path/Frameworks",
				);
				PRODUCT_BUNDLE_IDENTIFIER = com.neilsood.ScanTests;
				PRODUCT_NAME = "$(TARGET_NAME)";
				SWIFT_VERSION = 4.0;
				TARGETED_DEVICE_FAMILY = "1,2";
				TEST_HOST = "$(BUILT_PRODUCTS_DIR)/Scan.app/Scan";
			};
			name = Release;
		};
		8EAD375121518863002DE051 /* Debug */ = {
			isa = XCBuildConfiguration;
			buildSettings = {
				ALWAYS_EMBED_SWIFT_STANDARD_LIBRARIES = YES;
				CODE_SIGN_STYLE = Automatic;
				DEVELOPMENT_TEAM = 2K52R4S4JZ;
				INFOPLIST_FILE = ScanUITests/Info.plist;
				LD_RUNPATH_SEARCH_PATHS = (
					"$(inherited)",
					"@executable_path/Frameworks",
					"@loader_path/Frameworks",
				);
				PRODUCT_BUNDLE_IDENTIFIER = com.neilsood.ScanUITests;
				PRODUCT_NAME = "$(TARGET_NAME)";
				SWIFT_VERSION = 4.0;
				TARGETED_DEVICE_FAMILY = "1,2";
				TEST_TARGET_NAME = Scan;
			};
			name = Debug;
		};
		8EAD375221518863002DE051 /* Release */ = {
			isa = XCBuildConfiguration;
			buildSettings = {
				ALWAYS_EMBED_SWIFT_STANDARD_LIBRARIES = YES;
				CODE_SIGN_STYLE = Automatic;
				DEVELOPMENT_TEAM = 2K52R4S4JZ;
				INFOPLIST_FILE = ScanUITests/Info.plist;
				LD_RUNPATH_SEARCH_PATHS = (
					"$(inherited)",
					"@executable_path/Frameworks",
					"@loader_path/Frameworks",
				);
				PRODUCT_BUNDLE_IDENTIFIER = com.neilsood.ScanUITests;
				PRODUCT_NAME = "$(TARGET_NAME)";
				SWIFT_VERSION = 4.0;
				TARGETED_DEVICE_FAMILY = "1,2";
				TEST_TARGET_NAME = Scan;
			};
			name = Release;
		};
/* End XCBuildConfiguration section */

/* Begin XCConfigurationList section */
		8EAD371A21518862002DE051 /* Build configuration list for PBXProject "Scan" */ = {
			isa = XCConfigurationList;
			buildConfigurations = (
				8EAD374821518863002DE051 /* Debug */,
				8EAD374921518863002DE051 /* Release */,
			);
			defaultConfigurationIsVisible = 0;
			defaultConfigurationName = Release;
		};
		8EAD374A21518863002DE051 /* Build configuration list for PBXNativeTarget "Scan" */ = {
			isa = XCConfigurationList;
			buildConfigurations = (
				8EAD374B21518863002DE051 /* Debug */,
				8EAD374C21518863002DE051 /* Release */,
			);
			defaultConfigurationIsVisible = 0;
			defaultConfigurationName = Release;
		};
		8EAD374D21518863002DE051 /* Build configuration list for PBXNativeTarget "ScanTests" */ = {
			isa = XCConfigurationList;
			buildConfigurations = (
				8EAD374E21518863002DE051 /* Debug */,
				8EAD374F21518863002DE051 /* Release */,
			);
			defaultConfigurationIsVisible = 0;
			defaultConfigurationName = Release;
		};
		8EAD375021518863002DE051 /* Build configuration list for PBXNativeTarget "ScanUITests" */ = {
			isa = XCConfigurationList;
			buildConfigurations = (
				8EAD375121518863002DE051 /* Debug */,
				8EAD375221518863002DE051 /* Release */,
			);
			defaultConfigurationIsVisible = 0;
			defaultConfigurationName = Release;
		};
/* End XCConfigurationList section */

/* Begin XCVersionGroup section */
		8EAD372921518862002DE051 /* Scan.xcdatamodeld */ = {
			isa = XCVersionGroup;
			children = (
				8EAD372A21518862002DE051 /* Scan.xcdatamodel */,
			);
			currentVersion = 8EAD372A21518862002DE051 /* Scan.xcdatamodel */;
			path = Scan.xcdatamodeld;
			sourceTree = "<group>";
			versionGroupType = wrapper.xcdatamodel;
		};
/* End XCVersionGroup section */
	};
	rootObject = 8EAD371721518862002DE051 /* Project object */;
}
