// !$*UTF8*$!
{
	archiveVersion = 1;
	classes = {
	};
	objectVersion = 50;
	objects = {

/* Begin PBXBuildFile section */
		304B1906412B95EF9EE8735E /* Pods_Scan.framework in Frameworks */ = {isa = PBXBuildFile; fileRef = 40DDABC9FCF6E310B1D5543C /* Pods_Scan.framework */; };
		8463DBF4CA7BFD8CE2660417 /* Pods_ScanTests.framework in Frameworks */ = {isa = PBXBuildFile; fileRef = ED3E70F2361E34F9358437F6 /* Pods_ScanTests.framework */; };
		8E1FF71A2151C28600A41380 /* WalmartItem.swift in Sources */ = {isa = PBXBuildFile; fileRef = 8E1FF7192151C28600A41380 /* WalmartItem.swift */; };
		8E955C4121520239008CC6EB /* DisplayVC.swift in Sources */ = {isa = PBXBuildFile; fileRef = 8E955C4021520239008CC6EB /* DisplayVC.swift */; };
		8EAD372321518862002DE051 /* AppDelegate.swift in Sources */ = {isa = PBXBuildFile; fileRef = 8EAD372221518862002DE051 /* AppDelegate.swift */; };
		8EAD372521518862002DE051 /* CameraVC.swift in Sources */ = {isa = PBXBuildFile; fileRef = 8EAD372421518862002DE051 /* CameraVC.swift */; };
		8EAD372821518862002DE051 /* Main.storyboard in Resources */ = {isa = PBXBuildFile; fileRef = 8EAD372621518862002DE051 /* Main.storyboard */; };
		8EAD372B21518862002DE051 /* Scan.xcdatamodeld in Sources */ = {isa = PBXBuildFile; fileRef = 8EAD372921518862002DE051 /* Scan.xcdatamodeld */; };
		8EAD372D21518863002DE051 /* Assets.xcassets in Resources */ = {isa = PBXBuildFile; fileRef = 8EAD372C21518863002DE051 /* Assets.xcassets */; };
		8EAD373021518863002DE051 /* LaunchScreen.storyboard in Resources */ = {isa = PBXBuildFile; fileRef = 8EAD372E21518863002DE051 /* LaunchScreen.storyboard */; };
		8EAD373B21518863002DE051 /* ScanTests.swift in Sources */ = {isa = PBXBuildFile; fileRef = 8EAD373A21518863002DE051 /* ScanTests.swift */; };
		8EAD374621518863002DE051 /* ScanUITests.swift in Sources */ = {isa = PBXBuildFile; fileRef = 8EAD374521518863002DE051 /* ScanUITests.swift */; };
		8EAD375421518B4A002DE051 /* ListVC.swift in Sources */ = {isa = PBXBuildFile; fileRef = 8EAD375321518B4A002DE051 /* ListVC.swift */; };
		8EAD375A21519E54002DE051 /* FavoritesVC.swift in Sources */ = {isa = PBXBuildFile; fileRef = 8EAD375921519E54002DE051 /* FavoritesVC.swift */; };
		8EAD375C21519EA7002DE051 /* GoogleService-Info.plist in Resources */ = {isa = PBXBuildFile; fileRef = 8EAD375B21519EA7002DE051 /* GoogleService-Info.plist */; };
		F44F48CEB743617D9AC46461 /* Pods_ScanUITests.framework in Frameworks */ = {isa = PBXBuildFile; fileRef = 9877FB5695C91E566A0042A5 /* Pods_ScanUITests.framework */; };
/* End PBXBuildFile section */

/* Begin PBXContainerItemProxy section */
		8EAD373721518863002DE051 /* PBXContainerItemProxy */ = {
			isa = PBXContainerItemProxy;
			containerPortal = 8EAD371721518862002DE051 /* Project object */;
			proxyType = 1;
			remoteGlobalIDString = 8EAD371E21518862002DE051;
			remoteInfo = Scan;
		};
		8EAD374221518863002DE051 /* PBXContainerItemProxy */ = {
			isa = PBXContainerItemProxy;
			containerPortal = 8EAD371721518862002DE051 /* Project object */;
			proxyType = 1;
			remoteGlobalIDString = 8EAD371E21518862002DE051;
			remoteInfo = Scan;
		};
/* End PBXContainerItemProxy section */

/* Begin PBXFileReference section */
		1014BA677AB289A577F47380 /* Pods-ScanUITests.debug.xcconfig */ = {isa = PBXFileReference; includeInIndex = 1; lastKnownFileType = text.xcconfig; name = "Pods-ScanUITests.debug.xcconfig"; path = "Pods/Target Support Files/Pods-ScanUITests/Pods-ScanUITests.debug.xcconfig"; sourceTree = "<group>"; };
		172FBB0182869B39CE92AF7C /* Pods-Scan.release.xcconfig */ = {isa = PBXFileReference; includeInIndex = 1; lastKnownFileType = text.xcconfig; name = "Pods-Scan.release.xcconfig"; path = "Pods/Target Support Files/Pods-Scan/Pods-Scan.release.xcconfig"; sourceTree = "<group>"; };
		40DDABC9FCF6E310B1D5543C /* Pods_Scan.framework */ = {isa = PBXFileReference; explicitFileType = wrapper.framework; includeInIndex = 0; path = Pods_Scan.framework; sourceTree = BUILT_PRODUCTS_DIR; };
		8E1FF7192151C28600A41380 /* WalmartItem.swift */ = {isa = PBXFileReference; lastKnownFileType = sourcecode.swift; path = WalmartItem.swift; sourceTree = "<group>"; };
		8E955C4021520239008CC6EB /* DisplayVC.swift */ = {isa = PBXFileReference; lastKnownFileType = sourcecode.swift; path = DisplayVC.swift; sourceTree = "<group>"; };
		8EAD371F21518862002DE051 /* Scan.app */ = {isa = PBXFileReference; explicitFileType = wrapper.application; includeInIndex = 0; path = Scan.app; sourceTree = BUILT_PRODUCTS_DIR; };
		8EAD372221518862002DE051 /* AppDelegate.swift */ = {isa = PBXFileReference; lastKnownFileType = sourcecode.swift; path = AppDelegate.swift; sourceTree = "<group>"; };
		8EAD372421518862002DE051 /* CameraVC.swift */ = {isa = PBXFileReference; lastKnownFileType = sourcecode.swift; path = CameraVC.swift; sourceTree = "<group>"; };
		8EAD372721518862002DE051 /* Base */ = {isa = PBXFileReference; lastKnownFileType = file.storyboard; name = Base; path = Base.lproj/Main.storyboard; sourceTree = "<group>"; };
		8EAD372A21518862002DE051 /* Scan.xcdatamodel */ = {isa = PBXFileReference; lastKnownFileType = wrapper.xcdatamodel; path = Scan.xcdatamodel; sourceTree = "<group>"; };
		8EAD372C21518863002DE051 /* Assets.xcassets */ = {isa = PBXFileReference; lastKnownFileType = folder.assetcatalog; path = Assets.xcassets; sourceTree = "<group>"; };
		8EAD372F21518863002DE051 /* Base */ = {isa = PBXFileReference; lastKnownFileType = file.storyboard; name = Base; path = Base.lproj/LaunchScreen.storyboard; sourceTree = "<group>"; };
		8EAD373121518863002DE051 /* Info.plist */ = {isa = PBXFileReference; lastKnownFileType = text.plist.xml; path = Info.plist; sourceTree = "<group>"; };
		8EAD373621518863002DE051 /* ScanTests.xctest */ = {isa = PBXFileReference; explicitFileType = wrapper.cfbundle; includeInIndex = 0; path = ScanTests.xctest; sourceTree = BUILT_PRODUCTS_DIR; };
		8EAD373A21518863002DE051 /* ScanTests.swift */ = {isa = PBXFileReference; lastKnownFileType = sourcecode.swift; path = ScanTests.swift; sourceTree = "<group>"; };
		8EAD373C21518863002DE051 /* Info.plist */ = {isa = PBXFileReference; lastKnownFileType = text.plist.xml; path = Info.plist; sourceTree = "<group>"; };
		8EAD374121518863002DE051 /* ScanUITests.xctest */ = {isa = PBXFileReference; explicitFileType = wrapper.cfbundle; includeInIndex = 0; path = ScanUITests.xctest; sourceTree = BUILT_PRODUCTS_DIR; };
		8EAD374521518863002DE051 /* ScanUITests.swift */ = {isa = PBXFileReference; lastKnownFileType = sourcecode.swift; path = ScanUITests.swift; sourceTree = "<group>"; };
		8EAD374721518863002DE051 /* Info.plist */ = {isa = PBXFileReference; lastKnownFileType = text.plist.xml; path = Info.plist; sourceTree = "<group>"; };
		8EAD375321518B4A002DE051 /* ListVC.swift */ = {isa = PBXFileReference; lastKnownFileType = sourcecode.swift; path = ListVC.swift; sourceTree = "<group>"; };
		8EAD375921519E54002DE051 /* FavoritesVC.swift */ = {isa = PBXFileReference; lastKnownFileType = sourcecode.swift; path = FavoritesVC.swift; sourceTree = "<group>"; };
		8EAD375B21519EA7002DE051 /* GoogleService-Info.plist */ = {isa = PBXFileReference; fileEncoding = 4; lastKnownFileType = text.plist.xml; path = "GoogleService-Info.plist"; sourceTree = "<group>"; };
		9877FB5695C91E566A0042A5 /* Pods_ScanUITests.framework */ = {isa = PBXFileReference; explicitFileType = wrapper.framework; includeInIndex = 0; path = Pods_ScanUITests.framework; sourceTree = BUILT_PRODUCTS_DIR; };
		B60239EF4BB44568240C69CA /* Pods-ScanUITests.release.xcconfig */ = {isa = PBXFileReference; includeInIndex = 1; lastKnownFileType = text.xcconfig; name = "Pods-ScanUITests.release.xcconfig"; path = "Pods/Target Support Files/Pods-ScanUITests/Pods-ScanUITests.release.xcconfig"; sourceTree = "<group>"; };
		BE3FBD0E705E3701E849D264 /* Pods-ScanTests.debug.xcconfig */ = {isa = PBXFileReference; includeInIndex = 1; lastKnownFileType = text.xcconfig; name = "Pods-ScanTests.debug.xcconfig"; path = "Pods/Target Support Files/Pods-ScanTests/Pods-ScanTests.debug.xcconfig"; sourceTree = "<group>"; };
		CAB00C001D2837D3BD6545A4 /* Pods-ScanTests.release.xcconfig */ = {isa = PBXFileReference; includeInIndex = 1; lastKnownFileType = text.xcconfig; name = "Pods-ScanTests.release.xcconfig"; path = "Pods/Target Support Files/Pods-ScanTests/Pods-ScanTests.release.xcconfig"; sourceTree = "<group>"; };
		E9F0BA224E4D56CBBE36C05B /* Pods-Scan.debug.xcconfig */ = {isa = PBXFileReference; includeInIndex = 1; lastKnownFileType = text.xcconfig; name = "Pods-Scan.debug.xcconfig"; path = "Pods/Target Support Files/Pods-Scan/Pods-Scan.debug.xcconfig"; sourceTree = "<group>"; };
		ED3E70F2361E34F9358437F6 /* Pods_ScanTests.framework */ = {isa = PBXFileReference; explicitFileType = wrapper.framework; includeInIndex = 0; path = Pods_ScanTests.framework; sourceTree = BUILT_PRODUCTS_DIR; };
/* End PBXFileReference section */

/* Begin PBXFrameworksBuildPhase section */
		8EAD371C21518862002DE051 /* Frameworks */ = {
			isa = PBXFrameworksBuildPhase;
			buildActionMask = 2147483647;
			files = (
				304B1906412B95EF9EE8735E /* Pods_Scan.framework in Frameworks */,
			);
			runOnlyForDeploymentPostprocessing = 0;
		};
		8EAD373321518863002DE051 /* Frameworks */ = {
			isa = PBXFrameworksBuildPhase;
			buildActionMask = 2147483647;
			files = (
				8463DBF4CA7BFD8CE2660417 /* Pods_ScanTests.framework in Frameworks */,
			);
			runOnlyForDeploymentPostprocessing = 0;
		};
		8EAD373E21518863002DE051 /* Frameworks */ = {
			isa = PBXFrameworksBuildPhase;
			buildActionMask = 2147483647;
			files = (
				F44F48CEB743617D9AC46461 /* Pods_ScanUITests.framework in Frameworks */,
			);
			runOnlyForDeploymentPostprocessing = 0;
		};
/* End PBXFrameworksBuildPhase section */

/* Begin PBXGroup section */
		6C2802F3F5578B17CBBDF86A /* Pods */ = {
			isa = PBXGroup;
			children = (
				E9F0BA224E4D56CBBE36C05B /* Pods-Scan.debug.xcconfig */,
				172FBB0182869B39CE92AF7C /* Pods-Scan.release.xcconfig */,
				BE3FBD0E705E3701E849D264 /* Pods-ScanTests.debug.xcconfig */,
				CAB00C001D2837D3BD6545A4 /* Pods-ScanTests.release.xcconfig */,
				1014BA677AB289A577F47380 /* Pods-ScanUITests.debug.xcconfig */,
				B60239EF4BB44568240C69CA /* Pods-ScanUITests.release.xcconfig */,
			);
			name = Pods;
			sourceTree = "<group>";
		};
		8B79753442D3D604782BC426 /* Frameworks */ = {
			isa = PBXGroup;
			children = (
				40DDABC9FCF6E310B1D5543C /* Pods_Scan.framework */,
				ED3E70F2361E34F9358437F6 /* Pods_ScanTests.framework */,
				9877FB5695C91E566A0042A5 /* Pods_ScanUITests.framework */,
			);
			name = Frameworks;
			sourceTree = "<group>";
		};
		8EAD371621518862002DE051 = {
			isa = PBXGroup;
			children = (
				8EAD372121518862002DE051 /* Scan */,
				8EAD373921518863002DE051 /* ScanTests */,
				8EAD374421518863002DE051 /* ScanUITests */,
				8EAD372021518862002DE051 /* Products */,
				6C2802F3F5578B17CBBDF86A /* Pods */,
				8B79753442D3D604782BC426 /* Frameworks */,
			);
			sourceTree = "<group>";
		};
		8EAD372021518862002DE051 /* Products */ = {
			isa = PBXGroup;
			children = (
				8EAD371F21518862002DE051 /* Scan.app */,
				8EAD373621518863002DE051 /* ScanTests.xctest */,
				8EAD374121518863002DE051 /* ScanUITests.xctest */,
			);
			name = Products;
			sourceTree = "<group>";
		};
		8EAD372121518862002DE051 /* Scan */ = {
			isa = PBXGroup;
			children = (
				8EAD372221518862002DE051 /* AppDelegate.swift */,
				8EAD372421518862002DE051 /* CameraVC.swift */,
				8E1FF7192151C28600A41380 /* WalmartItem.swift */,
				8E955C4021520239008CC6EB /* DisplayVC.swift */,
				8EAD375321518B4A002DE051 /* ListVC.swift */,
				8EAD375921519E54002DE051 /* FavoritesVC.swift */,
				8EAD372621518862002DE051 /* Main.storyboard */,
				8EAD372C21518863002DE051 /* Assets.xcassets */,
				8EAD372E21518863002DE051 /* LaunchScreen.storyboard */,
				8EAD375B21519EA7002DE051 /* GoogleService-Info.plist */,
				8EAD373121518863002DE051 /* Info.plist */,
				8EAD372921518862002DE051 /* Scan.xcdatamodeld */,
			);
			path = Scan;
			sourceTree = "<group>";
		};
		8EAD373921518863002DE051 /* ScanTests */ = {
			isa = PBXGroup;
			children = (
				8EAD373A21518863002DE051 /* ScanTests.swift */,
				8EAD373C21518863002DE051 /* Info.plist */,
			);
			path = ScanTests;
			sourceTree = "<group>";
		};
		8EAD374421518863002DE051 /* ScanUITests */ = {
			isa = PBXGroup;
			children = (
				8EAD374521518863002DE051 /* ScanUITests.swift */,
				8EAD374721518863002DE051 /* Info.plist */,
			);
			path = ScanUITests;
			sourceTree = "<group>";
		};
/* End PBXGroup section */

/* Begin PBXNativeTarget section */
		8EAD371E21518862002DE051 /* Scan */ = {
			isa = PBXNativeTarget;
			buildConfigurationList = 8EAD374A21518863002DE051 /* Build configuration list for PBXNativeTarget "Scan" */;
			buildPhases = (
				B3B7510E3858A462ED57ED48 /* [CP] Check Pods Manifest.lock */,
				8EAD371B21518862002DE051 /* Sources */,
				8EAD371C21518862002DE051 /* Frameworks */,
				8EAD371D21518862002DE051 /* Resources */,
				1EE377C698E67AD47E2B56EA /* [CP] Embed Pods Frameworks */,
			);
			buildRules = (
			);
			dependencies = (
			);
			name = Scan;
			productName = Scan;
			productReference = 8EAD371F21518862002DE051 /* Scan.app */;
			productType = "com.apple.product-type.application";
		};
		8EAD373521518863002DE051 /* ScanTests */ = {
			isa = PBXNativeTarget;
			buildConfigurationList = 8EAD374D21518863002DE051 /* Build configuration list for PBXNativeTarget "ScanTests" */;
			buildPhases = (
				F4744EB13AA3B0B13E5821DF /* [CP] Check Pods Manifest.lock */,
				8EAD373221518863002DE051 /* Sources */,
				8EAD373321518863002DE051 /* Frameworks */,
				8EAD373421518863002DE051 /* Resources */,
			);
			buildRules = (
			);
			dependencies = (
				8EAD373821518863002DE051 /* PBXTargetDependency */,
			);
			name = ScanTests;
			productName = ScanTests;
			productReference = 8EAD373621518863002DE051 /* ScanTests.xctest */;
			productType = "com.apple.product-type.bundle.unit-test";
		};
		8EAD374021518863002DE051 /* ScanUITests */ = {
			isa = PBXNativeTarget;
			buildConfigurationList = 8EAD375021518863002DE051 /* Build configuration list for PBXNativeTarget "ScanUITests" */;
			buildPhases = (
				DF45C340B7D7697D43833A2F /* [CP] Check Pods Manifest.lock */,
				8EAD373D21518863002DE051 /* Sources */,
				8EAD373E21518863002DE051 /* Frameworks */,
				8EAD373F21518863002DE051 /* Resources */,
			);
			buildRules = (
			);
			dependencies = (
				8EAD374321518863002DE051 /* PBXTargetDependency */,
			);
			name = ScanUITests;
			productName = ScanUITests;
			productReference = 8EAD374121518863002DE051 /* ScanUITests.xctest */;
			productType = "com.apple.product-type.bundle.ui-testing";
		};
/* End PBXNativeTarget section */

/* Begin PBXProject section */
		8EAD371721518862002DE051 /* Project object */ = {
			isa = PBXProject;
			attributes = {
				LastSwiftUpdateCheck = 0940;
				LastUpgradeCheck = 0940;
				ORGANIZATIONNAME = "Neil Sood";
				TargetAttributes = {
					8EAD371E21518862002DE051 = {
						CreatedOnToolsVersion = 9.4.1;
					};
					8EAD373521518863002DE051 = {
						CreatedOnToolsVersion = 9.4.1;
						TestTargetID = 8EAD371E21518862002DE051;
					};
					8EAD374021518863002DE051 = {
						CreatedOnToolsVersion = 9.4.1;
						TestTargetID = 8EAD371E21518862002DE051;
					};
				};
			};
			buildConfigurationList = 8EAD371A21518862002DE051 /* Build configuration list for PBXProject "Scan" */;
			compatibilityVersion = "Xcode 9.3";
			developmentRegion = en;
			hasScannedForEncodings = 0;
			knownRegions = (
				en,
				Base,
			);
			mainGroup = 8EAD371621518862002DE051;
			productRefGroup = 8EAD372021518862002DE051 /* Products */;
			projectDirPath = "";
			projectRoot = "";
			targets = (
				8EAD371E21518862002DE051 /* Scan */,
				8EAD373521518863002DE051 /* ScanTests */,
				8EAD374021518863002DE051 /* ScanUITests */,
			);
		};
/* End PBXProject section */

/* Begin PBXResourcesBuildPhase section */
		8EAD371D21518862002DE051 /* Resources */ = {
			isa = PBXResourcesBuildPhase;
			buildActionMask = 2147483647;
			files = (
				8EAD373021518863002DE051 /* LaunchScreen.storyboard in Resources */,
				8EAD375C21519EA7002DE051 /* GoogleService-Info.plist in Resources */,
				8EAD372D21518863002DE051 /* Assets.xcassets in Resources */,
				8EAD372821518862002DE051 /* Main.storyboard in Resources */,
			);
			runOnlyForDeploymentPostprocessing = 0;
		};
		8EAD373421518863002DE051 /* Resources */ = {
			isa = PBXResourcesBuildPhase;
			buildActionMask = 2147483647;
			files = (
			);
			runOnlyForDeploymentPostprocessing = 0;
		};
		8EAD373F21518863002DE051 /* Resources */ = {
			isa = PBXResourcesBuildPhase;
			buildActionMask = 2147483647;
			files = (
			);
			runOnlyForDeploymentPostprocessing = 0;
		};
/* End PBXResourcesBuildPhase section */

/* Begin PBXShellScriptBuildPhase section */
		1EE377C698E67AD47E2B56EA /* [CP] Embed Pods Frameworks */ = {
			isa = PBXShellScriptBuildPhase;
			buildActionMask = 2147483647;
			files = (
			);
			inputPaths = (
				"${SRCROOT}/Pods/Target Support Files/Pods-Scan/Pods-Scan-frameworks.sh",
				"${BUILT_PRODUCTS_DIR}/GTMSessionFetcher/GTMSessionFetcher.framework",
				"${BUILT_PRODUCTS_DIR}/GoogleAPIClientForREST/GoogleAPIClientForREST.framework",
				"${BUILT_PRODUCTS_DIR}/GoogleToolboxForMac/GoogleToolboxForMac.framework",
				"${BUILT_PRODUCTS_DIR}/GoogleUtilities/GoogleUtilities.framework",
				"${BUILT_PRODUCTS_DIR}/Protobuf/Protobuf.framework",
				"${BUILT_PRODUCTS_DIR}/nanopb/nanopb.framework",
			);
			name = "[CP] Embed Pods Frameworks";
			outputPaths = (
				"${TARGET_BUILD_DIR}/${FRAMEWORKS_FOLDER_PATH}/GTMSessionFetcher.framework",
				"${TARGET_BUILD_DIR}/${FRAMEWORKS_FOLDER_PATH}/GoogleAPIClientForREST.framework",
				"${TARGET_BUILD_DIR}/${FRAMEWORKS_FOLDER_PATH}/GoogleToolboxForMac.framework",
				"${TARGET_BUILD_DIR}/${FRAMEWORKS_FOLDER_PATH}/GoogleUtilities.framework",
				"${TARGET_BUILD_DIR}/${FRAMEWORKS_FOLDER_PATH}/Protobuf.framework",
				"${TARGET_BUILD_DIR}/${FRAMEWORKS_FOLDER_PATH}/nanopb.framework",
			);
			runOnlyForDeploymentPostprocessing = 0;
			shellPath = /bin/sh;
			shellScript = "\"${SRCROOT}/Pods/Target Support Files/Pods-Scan/Pods-Scan-frameworks.sh\"\n";
			showEnvVarsInLog = 0;
		};
		B3B7510E3858A462ED57ED48 /* [CP] Check Pods Manifest.lock */ = {
			isa = PBXShellScriptBuildPhase;
			buildActionMask = 2147483647;
			files = (
			);
			inputPaths = (
				"${PODS_PODFILE_DIR_PATH}/Podfile.lock",
				"${PODS_ROOT}/Manifest.lock",
			);
			name = "[CP] Check Pods Manifest.lock";
			outputPaths = (
				"$(DERIVED_FILE_DIR)/Pods-Scan-checkManifestLockResult.txt",
			);
			runOnlyForDeploymentPostprocessing = 0;
			shellPath = /bin/sh;
			shellScript = "diff \"${PODS_PODFILE_DIR_PATH}/Podfile.lock\" \"${PODS_ROOT}/Manifest.lock\" > /dev/null\nif [ $? != 0 ] ; then\n    # print error to STDERR\n    echo \"error: The sandbox is not in sync with the Podfile.lock. Run 'pod install' or update your CocoaPods installation.\" >&2\n    exit 1\nfi\n# This output is used by Xcode 'outputs' to avoid re-running this script phase.\necho \"SUCCESS\" > \"${SCRIPT_OUTPUT_FILE_0}\"\n";
			showEnvVarsInLog = 0;
		};
		DF45C340B7D7697D43833A2F /* [CP] Check Pods Manifest.lock */ = {
			isa = PBXShellScriptBuildPhase;
			buildActionMask = 2147483647;
			files = (
			);
			inputPaths = (
				"${PODS_PODFILE_DIR_PATH}/Podfile.lock",
				"${PODS_ROOT}/Manifest.lock",
			);
			name = "[CP] Check Pods Manifest.lock";
			outputPaths = (
				"$(DERIVED_FILE_DIR)/Pods-ScanUITests-checkManifestLockResult.txt",
			);
			runOnlyForDeploymentPostprocessing = 0;
			shellPath = /bin/sh;
			shellScript = "diff \"${PODS_PODFILE_DIR_PATH}/Podfile.lock\" \"${PODS_ROOT}/Manifest.lock\" > /dev/null\nif [ $? != 0 ] ; then\n    # print error to STDERR\n    echo \"error: The sandbox is not in sync with the Podfile.lock. Run 'pod install' or update your CocoaPods installation.\" >&2\n    exit 1\nfi\n# This output is used by Xcode 'outputs' to avoid re-running this script phase.\necho \"SUCCESS\" > \"${SCRIPT_OUTPUT_FILE_0}\"\n";
			showEnvVarsInLog = 0;
		};
		F4744EB13AA3B0B13E5821DF /* [CP] Check Pods Manifest.lock */ = {
			isa = PBXShellScriptBuildPhase;
			buildActionMask = 2147483647;
			files = (
			);
			inputPaths = (
				"${PODS_PODFILE_DIR_PATH}/Podfile.lock",
				"${PODS_ROOT}/Manifest.lock",
			);
			name = "[CP] Check Pods Manifest.lock";
			outputPaths = (
				"$(DERIVED_FILE_DIR)/Pods-ScanTests-checkManifestLockResult.txt",
			);
			runOnlyForDeploymentPostprocessing = 0;
			shellPath = /bin/sh;
			shellScript = "diff \"${PODS_PODFILE_DIR_PATH}/Podfile.lock\" \"${PODS_ROOT}/Manifest.lock\" > /dev/null\nif [ $? != 0 ] ; then\n    # print error to STDERR\n    echo \"error: The sandbox is not in sync with the Podfile.lock. Run 'pod install' or update your CocoaPods installation.\" >&2\n    exit 1\nfi\n# This output is used by Xcode 'outputs' to avoid re-running this script phase.\necho \"SUCCESS\" > \"${SCRIPT_OUTPUT_FILE_0}\"\n";
			showEnvVarsInLog = 0;
		};
/* End PBXShellScriptBuildPhase section */

/* Begin PBXSourcesBuildPhase section */
		8EAD371B21518862002DE051 /* Sources */ = {
			isa = PBXSourcesBuildPhase;
			buildActionMask = 2147483647;
			files = (
				8EAD375A21519E54002DE051 /* FavoritesVC.swift in Sources */,
				8E1FF71A2151C28600A41380 /* WalmartItem.swift in Sources */,
				8EAD375421518B4A002DE051 /* ListVC.swift in Sources */,
				8EAD372521518862002DE051 /* CameraVC.swift in Sources */,
				8EAD372321518862002DE051 /* AppDelegate.swift in Sources */,
				8EAD372B21518862002DE051 /* Scan.xcdatamodeld in Sources */,
				8E955C4121520239008CC6EB /* DisplayVC.swift in Sources */,
			);
			runOnlyForDeploymentPostprocessing = 0;
		};
		8EAD373221518863002DE051 /* Sources */ = {
			isa = PBXSourcesBuildPhase;
			buildActionMask = 2147483647;
			files = (
				8EAD373B21518863002DE051 /* ScanTests.swift in Sources */,
			);
			runOnlyForDeploymentPostprocessing = 0;
		};
		8EAD373D21518863002DE051 /* Sources */ = {
			isa = PBXSourcesBuildPhase;
			buildActionMask = 2147483647;
			files = (
				8EAD374621518863002DE051 /* ScanUITests.swift in Sources */,
			);
			runOnlyForDeploymentPostprocessing = 0;
		};
/* End PBXSourcesBuildPhase section */

/* Begin PBXTargetDependency section */
		8EAD373821518863002DE051 /* PBXTargetDependency */ = {
			isa = PBXTargetDependency;
			target = 8EAD371E21518862002DE051 /* Scan */;
			targetProxy = 8EAD373721518863002DE051 /* PBXContainerItemProxy */;
		};
		8EAD374321518863002DE051 /* PBXTargetDependency */ = {
			isa = PBXTargetDependency;
			target = 8EAD371E21518862002DE051 /* Scan */;
			targetProxy = 8EAD374221518863002DE051 /* PBXContainerItemProxy */;
		};
/* End PBXTargetDependency section */

/* Begin PBXVariantGroup section */
		8EAD372621518862002DE051 /* Main.storyboard */ = {
			isa = PBXVariantGroup;
			children = (
				8EAD372721518862002DE051 /* Base */,
			);
			name = Main.storyboard;
			sourceTree = "<group>";
		};
		8EAD372E21518863002DE051 /* LaunchScreen.storyboard */ = {
			isa = PBXVariantGroup;
			children = (
				8EAD372F21518863002DE051 /* Base */,
			);
			name = LaunchScreen.storyboard;
			sourceTree = "<group>";
		};
/* End PBXVariantGroup section */

/* Begin XCBuildConfiguration section */
		8EAD374821518863002DE051 /* Debug */ = {
			isa = XCBuildConfiguration;
			buildSettings = {
				ALWAYS_SEARCH_USER_PATHS = NO;
				CLANG_ANALYZER_NONNULL = YES;
				CLANG_ANALYZER_NUMBER_OBJECT_CONVERSION = YES_AGGRESSIVE;
				CLANG_CXX_LANGUAGE_STANDARD = "gnu++14";
				CLANG_CXX_LIBRARY = "libc++";
				CLANG_ENABLE_MODULES = YES;
				CLANG_ENABLE_OBJC_ARC = YES;
				CLANG_ENABLE_OBJC_WEAK = YES;
				CLANG_WARN_BLOCK_CAPTURE_AUTORELEASING = YES;
				CLANG_WARN_BOOL_CONVERSION = YES;
				CLANG_WARN_COMMA = YES;
				CLANG_WARN_CONSTANT_CONVERSION = YES;
				CLANG_WARN_DEPRECATED_OBJC_IMPLEMENTATIONS = YES;
				CLANG_WARN_DIRECT_OBJC_ISA_USAGE = YES_ERROR;
				CLANG_WARN_DOCUMENTATION_COMMENTS = YES;
				CLANG_WARN_EMPTY_BODY = YES;
				CLANG_WARN_ENUM_CONVERSION = YES;
				CLANG_WARN_INFINITE_RECURSION = YES;
				CLANG_WARN_INT_CONVERSION = YES;
				CLANG_WARN_NON_LITERAL_NULL_CONVERSION = YES;
				CLANG_WARN_OBJC_IMPLICIT_RETAIN_SELF = YES;
				CLANG_WARN_OBJC_LITERAL_CONVERSION = YES;
				CLANG_WARN_OBJC_ROOT_CLASS = YES_ERROR;
				CLANG_WARN_RANGE_LOOP_ANALYSIS = YES;
				CLANG_WARN_STRICT_PROTOTYPES = YES;
				CLANG_WARN_SUSPICIOUS_MOVE = YES;
				CLANG_WARN_UNGUARDED_AVAILABILITY = YES_AGGRESSIVE;
				CLANG_WARN_UNREACHABLE_CODE = YES;
				CLANG_WARN__DUPLICATE_METHOD_MATCH = YES;
				CODE_SIGN_IDENTITY = "iPhone Developer";
				COPY_PHASE_STRIP = NO;
				DEBUG_INFORMATION_FORMAT = dwarf;
				ENABLE_STRICT_OBJC_MSGSEND = YES;
				ENABLE_TESTABILITY = YES;
				GCC_C_LANGUAGE_STANDARD = gnu11;
				GCC_DYNAMIC_NO_PIC = NO;
				GCC_NO_COMMON_BLOCKS = YES;
				GCC_OPTIMIZATION_LEVEL = 0;
				GCC_PREPROCESSOR_DEFINITIONS = (
					"DEBUG=1",
					"$(inherited)",
				);
				GCC_WARN_64_TO_32_BIT_CONVERSION = YES;
				GCC_WARN_ABOUT_RETURN_TYPE = YES_ERROR;
				GCC_WARN_UNDECLARED_SELECTOR = YES;
				GCC_WARN_UNINITIALIZED_AUTOS = YES_AGGRESSIVE;
				GCC_WARN_UNUSED_FUNCTION = YES;
				GCC_WARN_UNUSED_VARIABLE = YES;
				IPHONEOS_DEPLOYMENT_TARGET = 11.4;
				MTL_ENABLE_DEBUG_INFO = YES;
				ONLY_ACTIVE_ARCH = YES;
				SDKROOT = iphoneos;
				SWIFT_ACTIVE_COMPILATION_CONDITIONS = DEBUG;
				SWIFT_OPTIMIZATION_LEVEL = "-Onone";
			};
			name = Debug;
		};
		8EAD374921518863002DE051 /* Release */ = {
			isa = XCBuildConfiguration;
			buildSettings = {
				ALWAYS_SEARCH_USER_PATHS = NO;
				CLANG_ANALYZER_NONNULL = YES;
				CLANG_ANALYZER_NUMBER_OBJECT_CONVERSION = YES_AGGRESSIVE;
				CLANG_CXX_LANGUAGE_STANDARD = "gnu++14";
				CLANG_CXX_LIBRARY = "libc++";
				CLANG_ENABLE_MODULES = YES;
				CLANG_ENABLE_OBJC_ARC = YES;
				CLANG_ENABLE_OBJC_WEAK = YES;
				CLANG_WARN_BLOCK_CAPTURE_AUTORELEASING = YES;
				CLANG_WARN_BOOL_CONVERSION = YES;
				CLANG_WARN_COMMA = YES;
				CLANG_WARN_CONSTANT_CONVERSION = YES;
				CLANG_WARN_DEPRECATED_OBJC_IMPLEMENTATIONS = YES;
				CLANG_WARN_DIRECT_OBJC_ISA_USAGE = YES_ERROR;
				CLANG_WARN_DOCUMENTATION_COMMENTS = YES;
				CLANG_WARN_EMPTY_BODY = YES;
				CLANG_WARN_ENUM_CONVERSION = YES;
				CLANG_WARN_INFINITE_RECURSION = YES;
				CLANG_WARN_INT_CONVERSION = YES;
				CLANG_WARN_NON_LITERAL_NULL_CONVERSION = YES;
				CLANG_WARN_OBJC_IMPLICIT_RETAIN_SELF = YES;
				CLANG_WARN_OBJC_LITERAL_CONVERSION = YES;
				CLANG_WARN_OBJC_ROOT_CLASS = YES_ERROR;
				CLANG_WARN_RANGE_LOOP_ANALYSIS = YES;
				CLANG_WARN_STRICT_PROTOTYPES = YES;
				CLANG_WARN_SUSPICIOUS_MOVE = YES;
				CLANG_WARN_UNGUARDED_AVAILABILITY = YES_AGGRESSIVE;
				CLANG_WARN_UNREACHABLE_CODE = YES;
				CLANG_WARN__DUPLICATE_METHOD_MATCH = YES;
				CODE_SIGN_IDENTITY = "iPhone Developer";
				COPY_PHASE_STRIP = NO;
				DEBUG_INFORMATION_FORMAT = "dwarf-with-dsym";
				ENABLE_NS_ASSERTIONS = NO;
				ENABLE_STRICT_OBJC_MSGSEND = YES;
				GCC_C_LANGUAGE_STANDARD = gnu11;
				GCC_NO_COMMON_BLOCKS = YES;
				GCC_WARN_64_TO_32_BIT_CONVERSION = YES;
				GCC_WARN_ABOUT_RETURN_TYPE = YES_ERROR;
				GCC_WARN_UNDECLARED_SELECTOR = YES;
				GCC_WARN_UNINITIALIZED_AUTOS = YES_AGGRESSIVE;
				GCC_WARN_UNUSED_FUNCTION = YES;
				GCC_WARN_UNUSED_VARIABLE = YES;
				IPHONEOS_DEPLOYMENT_TARGET = 11.4;
				MTL_ENABLE_DEBUG_INFO = NO;
				SDKROOT = iphoneos;
				SWIFT_COMPILATION_MODE = wholemodule;
				SWIFT_OPTIMIZATION_LEVEL = "-O";
				VALIDATE_PRODUCT = YES;
			};
			name = Release;
		};
		8EAD374B21518863002DE051 /* Debug */ = {
			isa = XCBuildConfiguration;
			baseConfigurationReference = E9F0BA224E4D56CBBE36C05B /* Pods-Scan.debug.xcconfig */;
			buildSettings = {
				ASSETCATALOG_COMPILER_APPICON_NAME = AppIcon;
				CODE_SIGN_STYLE = Automatic;
				DEVELOPMENT_TEAM = 2K52R4S4JZ;
				INFOPLIST_FILE = Scan/Info.plist;
				LD_RUNPATH_SEARCH_PATHS = (
					"$(inherited)",
					"@executable_path/Frameworks",
				);
				PRODUCT_BUNDLE_IDENTIFIER = com.neilsood.Scan;
				PRODUCT_NAME = "$(TARGET_NAME)";
				SWIFT_VERSION = 4.0;
				TARGETED_DEVICE_FAMILY = "1,2";
			};
			name = Debug;
		};
		8EAD374C21518863002DE051 /* Release */ = {
			isa = XCBuildConfiguration;
			baseConfigurationReference = 172FBB0182869B39CE92AF7C /* Pods-Scan.release.xcconfig */;
			buildSettings = {
				ASSETCATALOG_COMPILER_APPICON_NAME = AppIcon;
				CODE_SIGN_STYLE = Automatic;
				DEVELOPMENT_TEAM = 2K52R4S4JZ;
				INFOPLIST_FILE = Scan/Info.plist;
				LD_RUNPATH_SEARCH_PATHS = (
					"$(inherited)",
					"@executable_path/Frameworks",
				);
				PRODUCT_BUNDLE_IDENTIFIER = com.neilsood.Scan;
				PRODUCT_NAME = "$(TARGET_NAME)";
				SWIFT_VERSION = 4.0;
				TARGETED_DEVICE_FAMILY = "1,2";
			};
			name = Release;
		};
		8EAD374E21518863002DE051 /* Debug */ = {
			isa = XCBuildConfiguration;
			baseConfigurationReference = BE3FBD0E705E3701E849D264 /* Pods-ScanTests.debug.xcconfig */;
			buildSettings = {
				ALWAYS_EMBED_SWIFT_STANDARD_LIBRARIES = YES;
				BUNDLE_LOADER = "$(TEST_HOST)";
				CODE_SIGN_STYLE = Automatic;
				DEVELOPMENT_TEAM = 2K52R4S4JZ;
				INFOPLIST_FILE = ScanTests/Info.plist;
				LD_RUNPATH_SEARCH_PATHS = (
					"$(inherited)",
					"@executable_path/Frameworks",
					"@loader_path/Frameworks",
				);
				PRODUCT_BUNDLE_IDENTIFIER = com.neilsood.ScanTests;
				PRODUCT_NAME = "$(TARGET_NAME)";
				SWIFT_VERSION = 4.0;
				TARGETED_DEVICE_FAMILY = "1,2";
				TEST_HOST = "$(BUILT_PRODUCTS_DIR)/Scan.app/Scan";
			};
			name = Debug;
		};
		8EAD374F21518863002DE051 /* Release */ = {
			isa = XCBuildConfiguration;
			baseConfigurationReference = CAB00C001D2837D3BD6545A4 /* Pods-ScanTests.release.xcconfig */;
			buildSettings = {
				ALWAYS_EMBED_SWIFT_STANDARD_LIBRARIES = YES;
				BUNDLE_LOADER = "$(TEST_HOST)";
				CODE_SIGN_STYLE = Automatic;
				DEVELOPMENT_TEAM = 2K52R4S4JZ;
				INFOPLIST_FILE = ScanTests/Info.plist;
				LD_RUNPATH_SEARCH_PATHS = (
					"$(inherited)",
					"@executable_path/Frameworks",
					"@loader_path/Frameworks",
				);
				PRODUCT_BUNDLE_IDENTIFIER = com.neilsood.ScanTests;
				PRODUCT_NAME = "$(TARGET_NAME)";
				SWIFT_VERSION = 4.0;
				TARGETED_DEVICE_FAMILY = "1,2";
				TEST_HOST = "$(BUILT_PRODUCTS_DIR)/Scan.app/Scan";
			};
			name = Release;
		};
		8EAD375121518863002DE051 /* Debug */ = {
			isa = XCBuildConfiguration;
			baseConfigurationReference = 1014BA677AB289A577F47380 /* Pods-ScanUITests.debug.xcconfig */;
			buildSettings = {
				ALWAYS_EMBED_SWIFT_STANDARD_LIBRARIES = YES;
				CODE_SIGN_STYLE = Automatic;
				DEVELOPMENT_TEAM = 2K52R4S4JZ;
				INFOPLIST_FILE = ScanUITests/Info.plist;
				LD_RUNPATH_SEARCH_PATHS = (
					"$(inherited)",
					"@executable_path/Frameworks",
					"@loader_path/Frameworks",
				);
				PRODUCT_BUNDLE_IDENTIFIER = com.neilsood.ScanUITests;
				PRODUCT_NAME = "$(TARGET_NAME)";
				SWIFT_VERSION = 4.0;
				TARGETED_DEVICE_FAMILY = "1,2";
				TEST_TARGET_NAME = Scan;
			};
			name = Debug;
		};
		8EAD375221518863002DE051 /* Release */ = {
			isa = XCBuildConfiguration;
			baseConfigurationReference = B60239EF4BB44568240C69CA /* Pods-ScanUITests.release.xcconfig */;
			buildSettings = {
				ALWAYS_EMBED_SWIFT_STANDARD_LIBRARIES = YES;
				CODE_SIGN_STYLE = Automatic;
				DEVELOPMENT_TEAM = 2K52R4S4JZ;
				INFOPLIST_FILE = ScanUITests/Info.plist;
				LD_RUNPATH_SEARCH_PATHS = (
					"$(inherited)",
					"@executable_path/Frameworks",
					"@loader_path/Frameworks",
				);
				PRODUCT_BUNDLE_IDENTIFIER = com.neilsood.ScanUITests;
				PRODUCT_NAME = "$(TARGET_NAME)";
				SWIFT_VERSION = 4.0;
				TARGETED_DEVICE_FAMILY = "1,2";
				TEST_TARGET_NAME = Scan;
			};
			name = Release;
		};
/* End XCBuildConfiguration section */

/* Begin XCConfigurationList section */
		8EAD371A21518862002DE051 /* Build configuration list for PBXProject "Scan" */ = {
			isa = XCConfigurationList;
			buildConfigurations = (
				8EAD374821518863002DE051 /* Debug */,
				8EAD374921518863002DE051 /* Release */,
			);
			defaultConfigurationIsVisible = 0;
			defaultConfigurationName = Release;
		};
		8EAD374A21518863002DE051 /* Build configuration list for PBXNativeTarget "Scan" */ = {
			isa = XCConfigurationList;
			buildConfigurations = (
				8EAD374B21518863002DE051 /* Debug */,
				8EAD374C21518863002DE051 /* Release */,
			);
			defaultConfigurationIsVisible = 0;
			defaultConfigurationName = Release;
		};
		8EAD374D21518863002DE051 /* Build configuration list for PBXNativeTarget "ScanTests" */ = {
			isa = XCConfigurationList;
			buildConfigurations = (
				8EAD374E21518863002DE051 /* Debug */,
				8EAD374F21518863002DE051 /* Release */,
			);
			defaultConfigurationIsVisible = 0;
			defaultConfigurationName = Release;
		};
		8EAD375021518863002DE051 /* Build configuration list for PBXNativeTarget "ScanUITests" */ = {
			isa = XCConfigurationList;
			buildConfigurations = (
				8EAD375121518863002DE051 /* Debug */,
				8EAD375221518863002DE051 /* Release */,
			);
			defaultConfigurationIsVisible = 0;
			defaultConfigurationName = Release;
		};
/* End XCConfigurationList section */

/* Begin XCVersionGroup section */
		8EAD372921518862002DE051 /* Scan.xcdatamodeld */ = {
			isa = XCVersionGroup;
			children = (
				8EAD372A21518862002DE051 /* Scan.xcdatamodel */,
			);
			currentVersion = 8EAD372A21518862002DE051 /* Scan.xcdatamodel */;
			path = Scan.xcdatamodeld;
			sourceTree = "<group>";
			versionGroupType = wrapper.xcdatamodel;
		};
/* End XCVersionGroup section */
	};
	rootObject = 8EAD371721518862002DE051 /* Project object */;
}
